<?xml version="1.0" encoding="utf-8"?>
<Project xmlns="http://schemas.microsoft.com/developer/msbuild/2003">
  <ItemGroup>
    <Filter Include="Generated Files">
      <UniqueIdentifier>{71ED8ED8-ACB9-4CE9-BBE1-E00B30144E11}</UniqueIdentifier>
      <Extensions>cpp;c;cxx;moc;h;def;odl;idl;res;</Extensions>
    </Filter>
    <Filter Include="Generated Files">
      <UniqueIdentifier>{71ED8ED8-ACB9-4CE9-BBE1-E00B30144E11}</UniqueIdentifier>
      <Extensions>cpp;c;cxx;moc;h;def;odl;idl;res;</Extensions>
    </Filter>
    <Filter Include="Header Files">
      <UniqueIdentifier>{93995380-89BD-4b04-88EB-625FBE52EBFB}</UniqueIdentifier>
      <Extensions>h;hpp;hxx;hm;inl;inc;xsd</Extensions>
    </Filter>
    <Filter Include="Header Files">
      <UniqueIdentifier>{93995380-89BD-4b04-88EB-625FBE52EBFB}</UniqueIdentifier>
      <Extensions>h;hpp;hxx;hm;inl;inc;xsd</Extensions>
    </Filter>
    <Filter Include="Resource Files">
      <UniqueIdentifier>{D9D6E242-F8AF-46E4-B9FD-80ECBC20BA3E}</UniqueIdentifier>
      <Extensions>qrc;*</Extensions>
      <ParseFiles>false</ParseFiles>
    </Filter>
    <Filter Include="Resource Files">
      <UniqueIdentifier>{D9D6E242-F8AF-46E4-B9FD-80ECBC20BA3E}</UniqueIdentifier>
      <Extensions>qrc;*</Extensions>
      <ParseFiles>false</ParseFiles>
    </Filter>
    <Filter Include="Source Files">
      <UniqueIdentifier>{4FC737F1-C7A5-4376-A066-2A32D752A2FF}</UniqueIdentifier>
      <Extensions>cpp;c;cxx;def;odl;idl;hpj;bat;asm;asmx</Extensions>
    </Filter>
    <Filter Include="Source Files">
      <UniqueIdentifier>{4FC737F1-C7A5-4376-A066-2A32D752A2FF}</UniqueIdentifier>
      <Extensions>cpp;c;cxx;def;odl;idl;hpj;bat;asm;asmx</Extensions>
    </Filter>
  </ItemGroup>
  <ItemGroup>
    <ClCompile Include="EditMenu.cpp">
      <Filter>Source Files</Filter>
    </ClCompile>
    <ClCompile Include="RenderHistory.cpp">
      <Filter>Source Files</Filter>
    </ClCompile>
    <ClCompile Include="RenderMenu.cpp">
      <Filter>Source Files</Filter>
    </ClCompile>
    <ClCompile Include="RendererConfig.cpp">
      <Filter>Source Files</Filter>
    </ClCompile>
    <ClCompile Include="computeddatasegment.cpp">
      <Filter>Source Files</Filter>
    </ClCompile>
    <ClCompile Include="filemenu.cpp">
      <Filter>Source Files</Filter>
    </ClCompile>
    <ClCompile Include="informationdisplay.cpp">
      <Filter>Source Files</Filter>
    </ClCompile>
    <ClCompile Include="main.cpp">
      <Filter>Source Files</Filter>
    </ClCompile>
    <ClCompile Include="mandelbrotrenderer.cpp">
      <Filter>Source Files</Filter>
    </ClCompile>
    <ClCompile Include="mandelbrotwidget.cpp">
      <Filter>Source Files</Filter>
    </ClCompile>
    <ClCompile Include="radiointegerbutton.cpp">
      <Filter>Source Files</Filter>
    </ClCompile>
    <ClCompile Include="regionattributes.cpp">
      <Filter>Source Files</Filter>
    </ClCompile>
    <ClCompile Include="renderthread.cpp">
      <Filter>Source Files</Filter>
    </ClCompile>
    <ClCompile Include="renderthreadmediator.cpp">
      <Filter>Source Files</Filter>
    </ClCompile>
    <ClCompile Include="renderworker.cpp">
      <Filter>Source Files</Filter>
    </ClCompile>
    <ClCompile Include="settingshandler.cpp">
      <Filter>Source Files</Filter>
    </ClCompile>
    <ClCompile Include="threadiconmap.cpp">
      <Filter>Source Files</Filter>
    </ClCompile>
    <ClCompile Include="toolsmenu.cpp">
      <Filter>Source Files</Filter>
    </ClCompile>
    <ClCompile Include="toolsoptionswidget.cpp">
      <Filter>Source Files</Filter>
    </ClCompile>
    <ClCompile Include="windowmenu.cpp">
      <Filter>Source Files</Filter>
    </ClCompile>
    <ClCompile Include="windowthreadinfo.cpp">
      <Filter>Source Files</Filter>
    </ClCompile>
    <ClCompile Include="windowthreadinfokey.cpp">
      <Filter>Source Files</Filter>
    </ClCompile>
    <ClCompile Include="workerthreaddata.cpp">
      <Filter>Source Files</Filter>
    </ClCompile>
  </ItemGroup>
  <ItemGroup>
    <ClInclude Include="ComputeTaskGenerator.h">
      <Filter>Header Files</Filter>
    </ClInclude>
    <CustomBuild Include="EditMenu.h">
      <Filter>Header Files</Filter>
    </CustomBuild>
    <CustomBuild Include="RenderHistory.h">
      <Filter>Header Files</Filter>
    </CustomBuild>
    <CustomBuild Include="RenderMenu.h">
      <Filter>Header Files</Filter>
    </CustomBuild>
    <ClInclude Include="RendererConfig.h">
      <Filter>Header Files</Filter>
    </ClInclude>
    <ClInclude Include="buttonuser.h">
      <Filter>Header Files</Filter>
    </ClInclude>
    <ClInclude Include="computeddatasegment.h">
      <Filter>Header Files</Filter>
    </ClInclude>
    <CustomBuild Include="filemenu.h">
      <Filter>Header Files</Filter>
    </CustomBuild>
    <CustomBuild Include="informationdisplay.h">
      <Filter>Header Files</Filter>
    </CustomBuild>
    <ClInclude Include="mandelbrotrenderer.h">
      <Filter>Header Files</Filter>
    </ClInclude>
    <CustomBuild Include="mandelbrotwidget.h">
      <Filter>Header Files</Filter>
    </CustomBuild>
    <CustomBuild Include="radiointegerbutton.h">
      <Filter>Header Files</Filter>
    </CustomBuild>
    <ClInclude Include="regionattributes.h">
      <Filter>Header Files</Filter>
    </ClInclude>
    <CustomBuild Include="renderthread.h">
      <Filter>Header Files</Filter>
    </CustomBuild>
    <CustomBuild Include="renderthreadmediator.h">
      <Filter>Header Files</Filter>
    </CustomBuild>
    <CustomBuild Include="renderworker.h">
      <Filter>Header Files</Filter>
    </CustomBuild>
    <ClInclude Include="settingshandler.h">
      <Filter>Header Files</Filter>
    </ClInclude>
    <ClInclude Include="settingsuser.h">
      <Filter>Header Files</Filter>
    </ClInclude>
    <ClInclude Include="threadiconmap.h">
      <Filter>Header Files</Filter>
    </ClInclude>
    <CustomBuild Include="toolsmenu.h">
      <Filter>Header Files</Filter>
    </CustomBuild>
    <ClInclude Include="toolsoptionswidget.h">
      <Filter>Header Files</Filter>
    </ClInclude>
    <CustomBuild Include="windowmenu.h">
      <Filter>Header Files</Filter>
    </CustomBuild>
    <CustomBuild Include="windowthreadinfo.h">
      <Filter>Header Files</Filter>
    </CustomBuild>
    <ClInclude Include="windowthreadinfokey.h">
      <Filter>Header Files</Filter>
    </ClInclude>
    <CustomBuild Include="workerthreaddata.h">
      <Filter>Header Files</Filter>
    </CustomBuild>
    <ClInclude Include="ParameterMaker.h">
      <Filter>Header Files</Filter>
    </ClInclude>
  </ItemGroup>
  <ItemGroup>
    <ClCompile Include="debug\moc_EditMenu.cpp">
      <Filter>Generated Files</Filter>
    </ClCompile>
    <ClCompile Include="release\moc_EditMenu.cpp">
      <Filter>Generated Files</Filter>
    </ClCompile>
    <ClCompile Include="debug\moc_RenderHistory.cpp">
      <Filter>Generated Files</Filter>
    </ClCompile>
    <ClCompile Include="release\moc_RenderHistory.cpp">
      <Filter>Generated Files</Filter>
    </ClCompile>
    <ClCompile Include="debug\moc_RenderMenu.cpp">
      <Filter>Generated Files</Filter>
    </ClCompile>
    <ClCompile Include="release\moc_RenderMenu.cpp">
      <Filter>Generated Files</Filter>
    </ClCompile>
    <ClCompile Include="debug\moc_filemenu.cpp">
      <Filter>Generated Files</Filter>
    </ClCompile>
    <ClCompile Include="release\moc_filemenu.cpp">
      <Filter>Generated Files</Filter>
    </ClCompile>
    <ClCompile Include="debug\moc_informationdisplay.cpp">
      <Filter>Generated Files</Filter>
    </ClCompile>
    <ClCompile Include="release\moc_informationdisplay.cpp">
      <Filter>Generated Files</Filter>
    </ClCompile>
    <ClCompile Include="debug\moc_mandelbrotwidget.cpp">
      <Filter>Generated Files</Filter>
    </ClCompile>
    <ClCompile Include="release\moc_mandelbrotwidget.cpp">
      <Filter>Generated Files</Filter>
    </ClCompile>
    <CustomBuild Include="debug\moc_predefs.h.cbt">
      <Filter>Generated Files</Filter>
    </CustomBuild>
    <CustomBuild Include="release\moc_predefs.h.cbt">
      <Filter>Generated Files</Filter>
    </CustomBuild>
    <ClCompile Include="debug\moc_radiointegerbutton.cpp">
      <Filter>Generated Files</Filter>
    </ClCompile>
    <ClCompile Include="release\moc_radiointegerbutton.cpp">
      <Filter>Generated Files</Filter>
    </ClCompile>
    <ClCompile Include="debug\moc_renderthread.cpp">
      <Filter>Generated Files</Filter>
    </ClCompile>
    <ClCompile Include="release\moc_renderthread.cpp">
      <Filter>Generated Files</Filter>
    </ClCompile>
    <ClCompile Include="debug\moc_renderthreadmediator.cpp">
      <Filter>Generated Files</Filter>
    </ClCompile>
    <ClCompile Include="release\moc_renderthreadmediator.cpp">
      <Filter>Generated Files</Filter>
    </ClCompile>
    <ClCompile Include="debug\moc_renderworker.cpp">
      <Filter>Generated Files</Filter>
    </ClCompile>
    <ClCompile Include="release\moc_renderworker.cpp">
      <Filter>Generated Files</Filter>
    </ClCompile>
    <ClCompile Include="debug\moc_toolsmenu.cpp">
      <Filter>Generated Files</Filter>
    </ClCompile>
    <ClCompile Include="release\moc_toolsmenu.cpp">
      <Filter>Generated Files</Filter>
    </ClCompile>
    <ClCompile Include="debug\moc_windowmenu.cpp">
      <Filter>Generated Files</Filter>
    </ClCompile>
    <ClCompile Include="release\moc_windowmenu.cpp">
      <Filter>Generated Files</Filter>
    </ClCompile>
    <ClCompile Include="debug\moc_windowthreadinfo.cpp">
      <Filter>Generated Files</Filter>
    </ClCompile>
    <ClCompile Include="release\moc_windowthreadinfo.cpp">
      <Filter>Generated Files</Filter>
    </ClCompile>
    <ClCompile Include="debug\moc_workerthreaddata.cpp">
      <Filter>Generated Files</Filter>
    </ClCompile>
    <ClCompile Include="release\moc_workerthreaddata.cpp">
      <Filter>Generated Files</Filter>
    </ClCompile>
    <ClCompile Include="debug\qrc_mandelbrotresources.cpp">
      <Filter>Generated Files</Filter>
    </ClCompile>
    <ClCompile Include="release\qrc_mandelbrotresources.cpp">
      <Filter>Generated Files</Filter>
    </ClCompile>
  </ItemGroup>
  <ItemGroup>
    <CustomBuild Include="mandelbrotresources.qrc">
      <Filter>Resource Files</Filter>
    </CustomBuild>
    <None Include="pause.png">
      <Filter>Resource Files</Filter>
    </None>
    <None Include="play.png">
      <Filter>Resource Files</Filter>
    </None>
    <None Include="stop.png">
      <Filter>Resource Files</Filter>
    </None>
  </ItemGroup>
  <ItemGroup>
    <ResourceCompile Include="D:\data\coding\Qt\mandelbrot\mandelbrot_resource.rc" />
  </ItemGroup>
</Project>